
Microsoft Visual Studio Solution File, Format Version 12.00
# Visual Studio Version 16
VisualStudioVersion = 16.0.29326.143
MinimumVisualStudioVersion = 10.0.40219.1
Project("{FAE04EC0-301F-11D3-BF4B-00C04F79EFBC}") = "module1", "module1\module1.csproj", "{9379FC11-55E0-4B6B-9887-59AFB1D1976D}"
EndProject
Global
	GlobalSection(SolutionConfigurationPlatforms) = preSolution
		Debug|Any CPU = Debug|Any CPU
		Release|Any CPU = Release|Any CPU
	EndGlobalSection
	GlobalSection(ProjectConfigurationPlatforms) = postSolution
		{9379FC11-55E0-4B6B-9887-59AFB1D1976D}.Debug|Any CPU.ActiveCfg = Debug|Any CPU
		{9379FC11-55E0-4B6B-9887-59AFB1D1976D}.Debug|Any CPU.Build.0 = Debug|Any CPU
		{9379FC11-55E0-4B6B-9887-59AFB1D1976D}.Release|Any CPU.ActiveCfg = Release|Any CPU
		{9379FC11-55E0-4B6B-9887-59AFB1D1976D}.Release|Any CPU.Build.0 = Release|Any CPU
	EndGlobalSection
	GlobalSection(SolutionProperties) = preSolution
		HideSolutionNode = FALSE
	EndGlobalSection
	GlobalSection(ExtensibilityGlobals) = postSolution
		SolutionGuid = {5D30B8B3-D227-4A8E-B23F-BE4FC991D75D}
	EndGlobalSection
EndGlobal
